// !$*UTF8*$!
{
	archiveVersion = 1;
	classes = {
	};
	objectVersion = 46;
	objects = {

/* Begin PBXBuildFile section */
		4840F97F1CA1092F00B1F33E /* AppDelegate.swift in Sources */ = {isa = PBXBuildFile; fileRef = 4840F97E1CA1092F00B1F33E /* AppDelegate.swift */; };
		4840F9811CA1092F00B1F33E /* ViewController.swift in Sources */ = {isa = PBXBuildFile; fileRef = 4840F9801CA1092F00B1F33E /* ViewController.swift */; };
		4840F9841CA1092F00B1F33E /* Main.storyboard in Resources */ = {isa = PBXBuildFile; fileRef = 4840F9821CA1092F00B1F33E /* Main.storyboard */; };
		4840F9861CA1092F00B1F33E /* Assets.xcassets in Resources */ = {isa = PBXBuildFile; fileRef = 4840F9851CA1092F00B1F33E /* Assets.xcassets */; };
		4840F9891CA1092F00B1F33E /* LaunchScreen.storyboard in Resources */ = {isa = PBXBuildFile; fileRef = 4840F9871CA1092F00B1F33E /* LaunchScreen.storyboard */; };
		4840F9941CA1093000B1F33E /* TheLinkedListTests.swift in Sources */ = {isa = PBXBuildFile; fileRef = 4840F9931CA1093000B1F33E /* TheLinkedListTests.swift */; };
		4840F99F1CA1093000B1F33E /* TheLinkedListUITests.swift in Sources */ = {isa = PBXBuildFile; fileRef = 4840F99E1CA1093000B1F33E /* TheLinkedListUITests.swift */; };
		4840F9AD1CA1094100B1F33E /* SingleLinkedList.swift in Sources */ = {isa = PBXBuildFile; fileRef = 4840F9AC1CA1094100B1F33E /* SingleLinkedList.swift */; };
		4840F9AF1CA10C6000B1F33E /* Node.swift in Sources */ = {isa = PBXBuildFile; fileRef = 4840F9AE1CA10C6000B1F33E /* Node.swift */; };
/* End PBXBuildFile section */

/* Begin PBXContainerItemProxy section */
		4840F9901CA1093000B1F33E /* PBXContainerItemProxy */ = {
			isa = PBXContainerItemProxy;
			containerPortal = 4840F9731CA1092F00B1F33E /* Project object */;
			proxyType = 1;
			remoteGlobalIDString = 4840F97A1CA1092F00B1F33E;
			remoteInfo = TheLinkedList;
		};
		4840F99B1CA1093000B1F33E /* PBXContainerItemProxy */ = {
			isa = PBXContainerItemProxy;
			containerPortal = 4840F9731CA1092F00B1F33E /* Project object */;
			proxyType = 1;
			remoteGlobalIDString = 4840F97A1CA1092F00B1F33E;
			remoteInfo = TheLinkedList;
		};
/* End PBXContainerItemProxy section */

/* Begin PBXFileReference section */
		4840F97B1CA1092F00B1F33E /* TheLinkedList.app */ = {isa = PBXFileReference; explicitFileType = wrapper.application; includeInIndex = 0; path = TheLinkedList.app; sourceTree = BUILT_PRODUCTS_DIR; };
		4840F97E1CA1092F00B1F33E /* AppDelegate.swift */ = {isa = PBXFileReference; lastKnownFileType = sourcecode.swift; path = AppDelegate.swift; sourceTree = "<group>"; };
		4840F9801CA1092F00B1F33E /* ViewController.swift */ = {isa = PBXFileReference; lastKnownFileType = sourcecode.swift; path = ViewController.swift; sourceTree = "<group>"; };
		4840F9831CA1092F00B1F33E /* Base */ = {isa = PBXFileReference; lastKnownFileType = file.storyboard; name = Base; path = Base.lproj/Main.storyboard; sourceTree = "<group>"; };
		4840F9851CA1092F00B1F33E /* Assets.xcassets */ = {isa = PBXFileReference; lastKnownFileType = folder.assetcatalog; path = Assets.xcassets; sourceTree = "<group>"; };
		4840F9881CA1092F00B1F33E /* Base */ = {isa = PBXFileReference; lastKnownFileType = file.storyboard; name = Base; path = Base.lproj/LaunchScreen.storyboard; sourceTree = "<group>"; };
		4840F98A1CA1092F00B1F33E /* Info.plist */ = {isa = PBXFileReference; lastKnownFileType = text.plist.xml; path = Info.plist; sourceTree = "<group>"; };
		4840F98F1CA1093000B1F33E /* TheLinkedListTests.xctest */ = {isa = PBXFileReference; explicitFileType = wrapper.cfbundle; includeInIndex = 0; path = TheLinkedListTests.xctest; sourceTree = BUILT_PRODUCTS_DIR; };
		4840F9931CA1093000B1F33E /* TheLinkedListTests.swift */ = {isa = PBXFileReference; lastKnownFileType = sourcecode.swift; path = TheLinkedListTests.swift; sourceTree = "<group>"; };
		4840F9951CA1093000B1F33E /* Info.plist */ = {isa = PBXFileReference; lastKnownFileType = text.plist.xml; path = Info.plist; sourceTree = "<group>"; };
		4840F99A1CA1093000B1F33E /* TheLinkedListUITests.xctest */ = {isa = PBXFileReference; explicitFileType = wrapper.cfbundle; includeInIndex = 0; path = TheLinkedListUITests.xctest; sourceTree = BUILT_PRODUCTS_DIR; };
		4840F99E1CA1093000B1F33E /* TheLinkedListUITests.swift */ = {isa = PBXFileReference; lastKnownFileType = sourcecode.swift; path = TheLinkedListUITests.swift; sourceTree = "<group>"; };
		4840F9A01CA1093000B1F33E /* Info.plist */ = {isa = PBXFileReference; lastKnownFileType = text.plist.xml; path = Info.plist; sourceTree = "<group>"; };
		4840F9AC1CA1094100B1F33E /* SingleLinkedList.swift */ = {isa = PBXFileReference; fileEncoding = 4; lastKnownFileType = sourcecode.swift; path = SingleLinkedList.swift; sourceTree = "<group>"; };
		4840F9AE1CA10C6000B1F33E /* Node.swift */ = {isa = PBXFileReference; fileEncoding = 4; lastKnownFileType = sourcecode.swift; path = Node.swift; sourceTree = "<group>"; };
/* End PBXFileReference section */

/* Begin PBXFrameworksBuildPhase section */
		4840F9781CA1092F00B1F33E /* Frameworks */ = {
			isa = PBXFrameworksBuildPhase;
			buildActionMask = 2147483647;
			files = (
			);
			runOnlyForDeploymentPostprocessing = 0;
		};
		4840F98C1CA1093000B1F33E /* Frameworks */ = {
			isa = PBXFrameworksBuildPhase;
			buildActionMask = 2147483647;
			files = (
			);
			runOnlyForDeploymentPostprocessing = 0;
		};
		4840F9971CA1093000B1F33E /* Frameworks */ = {
			isa = PBXFrameworksBuildPhase;
			buildActionMask = 2147483647;
			files = (
			);
			runOnlyForDeploymentPostprocessing = 0;
		};
/* End PBXFrameworksBuildPhase section */

/* Begin PBXGroup section */
		4840F9721CA1092F00B1F33E = {
			isa = PBXGroup;
			children = (
				4840F97D1CA1092F00B1F33E /* TheLinkedList */,
				4840F9921CA1093000B1F33E /* TheLinkedListTests */,
				4840F99D1CA1093000B1F33E /* TheLinkedListUITests */,
				4840F97C1CA1092F00B1F33E /* Products */,
			);
			sourceTree = "<group>";
		};
		4840F97C1CA1092F00B1F33E /* Products */ = {
			isa = PBXGroup;
			children = (
				4840F97B1CA1092F00B1F33E /* TheLinkedList.app */,
				4840F98F1CA1093000B1F33E /* TheLinkedListTests.xctest */,
				4840F99A1CA1093000B1F33E /* TheLinkedListUITests.xctest */,
			);
			name = Products;
			sourceTree = "<group>";
		};
		4840F97D1CA1092F00B1F33E /* TheLinkedList */ = {
			isa = PBXGroup;
			children = (
				4840F9B11CA1101900B1F33E /* Other */,
				4840F9B01CA1100900B1F33E /* Model */,
				4840F9851CA1092F00B1F33E /* Assets.xcassets */,
				4840F9871CA1092F00B1F33E /* LaunchScreen.storyboard */,
				4840F98A1CA1092F00B1F33E /* Info.plist */,
			);
			path = TheLinkedList;
			sourceTree = "<group>";
		};
		4840F9921CA1093000B1F33E /* TheLinkedListTests */ = {
			isa = PBXGroup;
			children = (
				4840F9931CA1093000B1F33E /* TheLinkedListTests.swift */,
				4840F9951CA1093000B1F33E /* Info.plist */,
			);
			path = TheLinkedListTests;
			sourceTree = "<group>";
		};
		4840F99D1CA1093000B1F33E /* TheLinkedListUITests */ = {
			isa = PBXGroup;
			children = (
				4840F99E1CA1093000B1F33E /* TheLinkedListUITests.swift */,
				4840F9A01CA1093000B1F33E /* Info.plist */,
			);
			path = TheLinkedListUITests;
			sourceTree = "<group>";
		};
		4840F9B01CA1100900B1F33E /* Model */ = {
			isa = PBXGroup;
			children = (
				4840F9AC1CA1094100B1F33E /* SingleLinkedList.swift */,
				4840F9AE1CA10C6000B1F33E /* Node.swift */,
			);
			name = Model;
			sourceTree = "<group>";
		};
		4840F9B11CA1101900B1F33E /* Other */ = {
			isa = PBXGroup;
			children = (
				4840F9821CA1092F00B1F33E /* Main.storyboard */,
				4840F97E1CA1092F00B1F33E /* AppDelegate.swift */,
				4840F9801CA1092F00B1F33E /* ViewController.swift */,
			);
			name = Other;
			sourceTree = "<group>";
		};
/* End PBXGroup section */

/* Begin PBXNativeTarget section */
		4840F97A1CA1092F00B1F33E /* TheLinkedList */ = {
			isa = PBXNativeTarget;
			buildConfigurationList = 4840F9A31CA1093000B1F33E /* Build configuration list for PBXNativeTarget "TheLinkedList" */;
			buildPhases = (
				4840F9771CA1092F00B1F33E /* Sources */,
				4840F9781CA1092F00B1F33E /* Frameworks */,
				4840F9791CA1092F00B1F33E /* Resources */,
			);
			buildRules = (
			);
			dependencies = (
			);
			name = TheLinkedList;
			productName = TheLinkedList;
			productReference = 4840F97B1CA1092F00B1F33E /* TheLinkedList.app */;
			productType = "com.apple.product-type.application";
		};
		4840F98E1CA1093000B1F33E /* TheLinkedListTests */ = {
			isa = PBXNativeTarget;
			buildConfigurationList = 4840F9A61CA1093000B1F33E /* Build configuration list for PBXNativeTarget "TheLinkedListTests" */;
			buildPhases = (
				4840F98B1CA1093000B1F33E /* Sources */,
				4840F98C1CA1093000B1F33E /* Frameworks */,
				4840F98D1CA1093000B1F33E /* Resources */,
			);
			buildRules = (
			);
			dependencies = (
				4840F9911CA1093000B1F33E /* PBXTargetDependency */,
			);
			name = TheLinkedListTests;
			productName = TheLinkedListTests;
			productReference = 4840F98F1CA1093000B1F33E /* TheLinkedListTests.xctest */;
			productType = "com.apple.product-type.bundle.unit-test";
		};
		4840F9991CA1093000B1F33E /* TheLinkedListUITests */ = {
			isa = PBXNativeTarget;
			buildConfigurationList = 4840F9A91CA1093000B1F33E /* Build configuration list for PBXNativeTarget "TheLinkedListUITests" */;
			buildPhases = (
				4840F9961CA1093000B1F33E /* Sources */,
				4840F9971CA1093000B1F33E /* Frameworks */,
				4840F9981CA1093000B1F33E /* Resources */,
			);
			buildRules = (
			);
			dependencies = (
				4840F99C1CA1093000B1F33E /* PBXTargetDependency */,
			);
			name = TheLinkedListUITests;
			productName = TheLinkedListUITests;
			productReference = 4840F99A1CA1093000B1F33E /* TheLinkedListUITests.xctest */;
			productType = "com.apple.product-type.bundle.ui-testing";
		};
/* End PBXNativeTarget section */

/* Begin PBXProject section */
		4840F9731CA1092F00B1F33E /* Project object */ = {
			isa = PBXProject;
			attributes = {
				LastSwiftUpdateCheck = 0720;
				LastUpgradeCheck = 0720;
				ORGANIZATIONNAME = MxMd;
				TargetAttributes = {
					4840F97A1CA1092F00B1F33E = {
						CreatedOnToolsVersion = 7.2;
					};
					4840F98E1CA1093000B1F33E = {
						CreatedOnToolsVersion = 7.2;
						TestTargetID = 4840F97A1CA1092F00B1F33E;
					};
					4840F9991CA1093000B1F33E = {
						CreatedOnToolsVersion = 7.2;
						TestTargetID = 4840F97A1CA1092F00B1F33E;
					};
				};
			};
			buildConfigurationList = 4840F9761CA1092F00B1F33E /* Build configuration list for PBXProject "TheLinkedList" */;
			compatibilityVersion = "Xcode 3.2";
			developmentRegion = English;
			hasScannedForEncodings = 0;
			knownRegions = (
				en,
				Base,
			);
			mainGroup = 4840F9721CA1092F00B1F33E;
			productRefGroup = 4840F97C1CA1092F00B1F33E /* Products */;
			projectDirPath = "";
			projectRoot = "";
			targets = (
				4840F97A1CA1092F00B1F33E /* TheLinkedList */,
				4840F98E1CA1093000B1F33E /* TheLinkedListTests */,
				4840F9991CA1093000B1F33E /* TheLinkedListUITests */,
			);
		};
/* End PBXProject section */

/* Begin PBXResourcesBuildPhase section */
		4840F9791CA1092F00B1F33E /* Resources */ = {
			isa = PBXResourcesBuildPhase;
			buildActionMask = 2147483647;
			files = (
				4840F9891CA1092F00B1F33E /* LaunchScreen.storyboard in Resources */,
				4840F9861CA1092F00B1F33E /* Assets.xcassets in Resources */,
				4840F9841CA1092F00B1F33E /* Main.storyboard in Resources */,
			);
			runOnlyForDeploymentPostprocessing = 0;
		};
		4840F98D1CA1093000B1F33E /* Resources */ = {
			isa = PBXResourcesBuildPhase;
			buildActionMask = 2147483647;
			files = (
			);
			runOnlyForDeploymentPostprocessing = 0;
		};
		4840F9981CA1093000B1F33E /* Resources */ = {
			isa = PBXResourcesBuildPhase;
			buildActionMask = 2147483647;
			files = (
			);
			runOnlyForDeploymentPostprocessing = 0;
		};
/* End PBXResourcesBuildPhase section */

/* Begin PBXSourcesBuildPhase section */
		4840F9771CA1092F00B1F33E /* Sources */ = {
			isa = PBXSourcesBuildPhase;
			buildActionMask = 2147483647;
			files = (
				4840F9AD1CA1094100B1F33E /* SingleLinkedList.swift in Sources */,
				4840F9811CA1092F00B1F33E /* ViewController.swift in Sources */,
				4840F97F1CA1092F00B1F33E /* AppDelegate.swift in Sources */,
				4840F9AF1CA10C6000B1F33E /* Node.swift in Sources */,
			);
			runOnlyForDeploymentPostprocessing = 0;
		};
		4840F98B1CA1093000B1F33E /* Sources */ = {
			isa = PBXSourcesBuildPhase;
			buildActionMask = 2147483647;
			files = (
				4840F9941CA1093000B1F33E /* TheLinkedListTests.swift in Sources */,
			);
			runOnlyForDeploymentPostprocessing = 0;
		};
		4840F9961CA1093000B1F33E /* Sources */ = {
			isa = PBXSourcesBuildPhase;
			buildActionMask = 2147483647;
			files = (
				4840F99F1CA1093000B1F33E /* TheLinkedListUITests.swift in Sources */,
			);
			runOnlyForDeploymentPostprocessing = 0;
		};
/* End PBXSourcesBuildPhase section */

/* Begin PBXTargetDependency section */
		4840F9911CA1093000B1F33E /* PBXTargetDependency */ = {
			isa = PBXTargetDependency;
			target = 4840F97A1CA1092F00B1F33E /* TheLinkedList */;
			targetProxy = 4840F9901CA1093000B1F33E /* PBXContainerItemProxy */;
		};
		4840F99C1CA1093000B1F33E /* PBXTargetDependency */ = {
			isa = PBXTargetDependency;
			target = 4840F97A1CA1092F00B1F33E /* TheLinkedList */;
			targetProxy = 4840F99B1CA1093000B1F33E /* PBXContainerItemProxy */;
		};
/* End PBXTargetDependency section */

/* Begin PBXVariantGroup section */
		4840F9821CA1092F00B1F33E /* Main.storyboard */ = {
			isa = PBXVariantGroup;
			children = (
				4840F9831CA1092F00B1F33E /* Base */,
			);
			name = Main.storyboard;
			sourceTree = "<group>";
		};
		4840F9871CA1092F00B1F33E /* LaunchScreen.storyboard */ = {
			isa = PBXVariantGroup;
			children = (
				4840F9881CA1092F00B1F33E /* Base */,
			);
			name = LaunchScreen.storyboard;
			sourceTree = "<group>";
		};
/* End PBXVariantGroup section */

/* Begin XCBuildConfiguration section */
		4840F9A11CA1093000B1F33E /* Debug */ = {
			isa = XCBuildConfiguration;
			buildSettings = {
				ALWAYS_SEARCH_USER_PATHS = NO;
				CLANG_CXX_LANGUAGE_STANDARD = "gnu++0x";
				CLANG_CXX_LIBRARY = "libc++";
				CLANG_ENABLE_MODULES = YES;
				CLANG_ENABLE_OBJC_ARC = YES;
				CLANG_WARN_BOOL_CONVERSION = YES;
				CLANG_WARN_CONSTANT_CONVERSION = YES;
				CLANG_WARN_DIRECT_OBJC_ISA_USAGE = YES_ERROR;
				CLANG_WARN_EMPTY_BODY = YES;
				CLANG_WARN_ENUM_CONVERSION = YES;
				CLANG_WARN_INT_CONVERSION = YES;
				CLANG_WARN_OBJC_ROOT_CLASS = YES_ERROR;
				CLANG_WARN_UNREACHABLE_CODE = YES;
				CLANG_WARN__DUPLICATE_METHOD_MATCH = YES;
				"CODE_SIGN_IDENTITY[sdk=iphoneos*]" = "iPhone Developer";
				COPY_PHASE_STRIP = NO;
				DEBUG_INFORMATION_FORMAT = dwarf;
				ENABLE_STRICT_OBJC_MSGSEND = YES;
				ENABLE_TESTABILITY = YES;
				GCC_C_LANGUAGE_STANDARD = gnu99;
				GCC_DYNAMIC_NO_PIC = NO;
				GCC_NO_COMMON_BLOCKS = YES;
				GCC_OPTIMIZATION_LEVEL = 0;
				GCC_PREPROCESSOR_DEFINITIONS = (
					"DEBUG=1",
					"$(inherited)",
				);
				GCC_WARN_64_TO_32_BIT_CONVERSION = YES;
				GCC_WARN_ABOUT_RETURN_TYPE = YES_ERROR;
				GCC_WARN_UNDECLARED_SELECTOR = YES;
				GCC_WARN_UNINITIALIZED_AUTOS = YES_AGGRESSIVE;
				GCC_WARN_UNUSED_FUNCTION = YES;
				GCC_WARN_UNUSED_VARIABLE = YES;
				IPHONEOS_DEPLOYMENT_TARGET = 9.2;
				MTL_ENABLE_DEBUG_INFO = YES;
				ONLY_ACTIVE_ARCH = YES;
				SDKROOT = iphoneos;
				SWIFT_OPTIMIZATION_LEVEL = "-Onone";
			};
			name = Debug;
		};
		4840F9A21CA1093000B1F33E /* Release */ = {
			isa = XCBuildConfiguration;
			buildSettings = {
				ALWAYS_SEARCH_USER_PATHS = NO;
				CLANG_CXX_LANGUAGE_STANDARD = "gnu++0x";
				CLANG_CXX_LIBRARY = "libc++";
				CLANG_ENABLE_MODULES = YES;
				CLANG_ENABLE_OBJC_ARC = YES;
				CLANG_WARN_BOOL_CONVERSION = YES;
				CLANG_WARN_CONSTANT_CONVERSION = YES;
				CLANG_WARN_DIRECT_OBJC_ISA_USAGE = YES_ERROR;
				CLANG_WARN_EMPTY_BODY = YES;
				CLANG_WARN_ENUM_CONVERSION = YES;
				CLANG_WARN_INT_CONVERSION = YES;
				CLANG_WARN_OBJC_ROOT_CLASS = YES_ERROR;
				CLANG_WARN_UNREACHABLE_CODE = YES;
				CLANG_WARN__DUPLICATE_METHOD_MATCH = YES;
				"CODE_SIGN_IDENTITY[sdk=iphoneos*]" = "iPhone Developer";
				COPY_PHASE_STRIP = NO;
				DEBUG_INFORMATION_FORMAT = "dwarf-with-dsym";
				ENABLE_NS_ASSERTIONS = NO;
				ENABLE_STRICT_OBJC_MSGSEND = YES;
				GCC_C_LANGUAGE_STANDARD = gnu99;
				GCC_NO_COMMON_BLOCKS = YES;
				GCC_WARN_64_TO_32_BIT_CONVERSION = YES;
				GCC_WARN_ABOUT_RETURN_TYPE = YES_ERROR;
				GCC_WARN_UNDECLARED_SELECTOR = YES;
				GCC_WARN_UNINITIALIZED_AUTOS = YES_AGGRESSIVE;
				GCC_WARN_UNUSED_FUNCTION = YES;
				GCC_WARN_UNUSED_VARIABLE = YES;
				IPHONEOS_DEPLOYMENT_TARGET = 9.2;
				MTL_ENABLE_DEBUG_INFO = NO;
				SDKROOT = iphoneos;
				VALIDATE_PRODUCT = YES;
			};
			name = Release;
		};
		4840F9A41CA1093000B1F33E /* Debug */ = {
			isa = XCBuildConfiguration;
			buildSettings = {
				ASSETCATALOG_COMPILER_APPICON_NAME = AppIcon;
				INFOPLIST_FILE = TheLinkedList/Info.plist;
				LD_RUNPATH_SEARCH_PATHS = "$(inherited) @executable_path/Frameworks";
				PRODUCT_BUNDLE_IDENTIFIER = mehdisalemi.TheLinkedList;
				PRODUCT_NAME = "$(TARGET_NAME)";
			};
			name = Debug;
		};
		4840F9A51CA1093000B1F33E /* Release */ = {
			isa = XCBuildConfiguration;
			buildSettings = {
				ASSETCATALOG_COMPILER_APPICON_NAME = AppIcon;
				INFOPLIST_FILE = TheLinkedList/Info.plist;
				LD_RUNPATH_SEARCH_PATHS = "$(inherited) @executable_path/Frameworks";
				PRODUCT_BUNDLE_IDENTIFIER = mehdisalemi.TheLinkedList;
				PRODUCT_NAME = "$(TARGET_NAME)";
			};
			name = Release;
		};
		4840F9A71CA1093000B1F33E /* Debug */ = {
			isa = XCBuildConfiguration;
			buildSettings = {
				BUNDLE_LOADER = "$(TEST_HOST)";
				INFOPLIST_FILE = TheLinkedListTests/Info.plist;
				LD_RUNPATH_SEARCH_PATHS = "$(inherited) @executable_path/Frameworks @loader_path/Frameworks";
				PRODUCT_BUNDLE_IDENTIFIER = mehdisalemi.TheLinkedListTests;
				PRODUCT_NAME = "$(TARGET_NAME)";
				TEST_HOST = "$(BUILT_PRODUCTS_DIR)/TheLinkedList.app/TheLinkedList";
			};
			name = Debug;
		};
		4840F9A81CA1093000B1F33E /* Release */ = {
			isa = XCBuildConfiguration;
			buildSettings = {
				BUNDLE_LOADER = "$(TEST_HOST)";
				INFOPLIST_FILE = TheLinkedListTests/Info.plist;
				LD_RUNPATH_SEARCH_PATHS = "$(inherited) @executable_path/Frameworks @loader_path/Frameworks";
				PRODUCT_BUNDLE_IDENTIFIER = mehdisalemi.TheLinkedListTests;
				PRODUCT_NAME = "$(TARGET_NAME)";
				TEST_HOST = "$(BUILT_PRODUCTS_DIR)/TheLinkedList.app/TheLinkedList";
			};
			name = Release;
		};
		4840F9AA1CA1093000B1F33E /* Debug */ = {
			isa = XCBuildConfiguration;
			buildSettings = {
				INFOPLIST_FILE = TheLinkedListUITests/Info.plist;
				LD_RUNPATH_SEARCH_PATHS = "$(inherited) @executable_path/Frameworks @loader_path/Frameworks";
				PRODUCT_BUNDLE_IDENTIFIER = mehdisalemi.TheLinkedListUITests;
				PRODUCT_NAME = "$(TARGET_NAME)";
				TEST_TARGET_NAME = TheLinkedList;
				USES_XCTRUNNER = YES;
			};
			name = Debug;
		};
		4840F9AB1CA1093000B1F33E /* Release */ = {
			isa = XCBuildConfiguration;
			buildSettings = {
				INFOPLIST_FILE = TheLinkedListUITests/Info.plist;
				LD_RUNPATH_SEARCH_PATHS = "$(inherited) @executable_path/Frameworks @loader_path/Frameworks";
				PRODUCT_BUNDLE_IDENTIFIER = mehdisalemi.TheLinkedListUITests;
				PRODUCT_NAME = "$(TARGET_NAME)";
				TEST_TARGET_NAME = TheLinkedList;
				USES_XCTRUNNER = YES;
			};
			name = Release;
		};
/* End XCBuildConfiguration section */

/* Begin XCConfigurationList section */
		4840F9761CA1092F00B1F33E /* Build configuration list for PBXProject "TheLinkedList" */ = {
			isa = XCConfigurationList;
			buildConfigurations = (
				4840F9A11CA1093000B1F33E /* Debug */,
				4840F9A21CA1093000B1F33E /* Release */,
			);
			defaultConfigurationIsVisible = 0;
			defaultConfigurationName = Release;
		};
		4840F9A31CA1093000B1F33E /* Build configuration list for PBXNativeTarget "TheLinkedList" */ = {
			isa = XCConfigurationList;
			buildConfigurations = (
				4840F9A41CA1093000B1F33E /* Debug */,
				4840F9A51CA1093000B1F33E /* Release */,
			);
			defaultConfigurationIsVisible = 0;
		};
		4840F9A61CA1093000B1F33E /* Build configuration list for PBXNativeTarget "TheLinkedListTests" */ = {
			isa = XCConfigurationList;
			buildConfigurations = (
				4840F9A71CA1093000B1F33E /* Debug */,
				4840F9A81CA1093000B1F33E /* Release */,
			);
			defaultConfigurationIsVisible = 0;
		};
		4840F9A91CA1093000B1F33E /* Build configuration list for PBXNativeTarget "TheLinkedListUITests" */ = {
			isa = XCConfigurationList;
			buildConfigurations = (
				4840F9AA1CA1093000B1F33E /* Debug */,
				4840F9AB1CA1093000B1F33E /* Release */,
			);
			defaultConfigurationIsVisible = 0;
		};
/* End XCConfigurationList section */
	};
	rootObject = 4840F9731CA1092F00B1F33E /* Project object */;
}
